
Microsoft Visual Studio Solution File, Format Version 12.00
# Visual Studio Version 17
VisualStudioVersion = 17.13.35825.156
MinimumVisualStudioVersion = 10.0.40219.1
Project("{FAE04EC0-301F-11D3-BF4B-00C04F79EFBC}") = "GerenciamentoUsuarios", "GerenciamentoUsuarios\GerenciamentoUsuarios.csproj", "{5F5CDBBC-5E69-41F8-9384-C9D63D7B91BA}"
EndProject
Project("{FAE04EC0-301F-11D3-BF4B-00C04F79EFBC}") = "GerenciamentoUsuarios.Aplication", "GerenciamentoUsuarios.Aplication\GerenciamentoUsuarios.Aplication.csproj", "{045508B2-3F20-46FE-8E49-21DA55178213}"
EndProject
Project("{FAE04EC0-301F-11D3-BF4B-00C04F79EFBC}") = "GerenciamentoUsuarios.Communication", "GerenciamentoUsuarios.Communication\GerenciamentoUsuarios.Communication.csproj", "{572215D1-49D1-4138-AE06-36D5FA2234D5}"
EndProject
Project("{FAE04EC0-301F-11D3-BF4B-00C04F79EFBC}") = "GerenciamentoUsuarios.Exceptions", "GerenciamentoUsuarios.Exception\GerenciamentoUsuarios.Exceptions.csproj", "{1405D0CC-D565-4F24-9CC9-387FD1C80280}"
EndProject
Project("{FAE04EC0-301F-11D3-BF4B-00C04F79EFBC}") = "GerenciamentoUsuarios.Infrastructure", "GerenciamentoUsuarios.Infrastructure\GerenciamentoUsuarios.Infrastructure.csproj", "{FBEA0B80-4B57-4929-BBFA-831CA6E4CEEB}"
EndProject
Global
	GlobalSection(SolutionConfigurationPlatforms) = preSolution
		Debug|Any CPU = Debug|Any CPU
		Release|Any CPU = Release|Any CPU
	EndGlobalSection
	GlobalSection(ProjectConfigurationPlatforms) = postSolution
		{5F5CDBBC-5E69-41F8-9384-C9D63D7B91BA}.Debug|Any CPU.ActiveCfg = Debug|Any CPU
		{5F5CDBBC-5E69-41F8-9384-C9D63D7B91BA}.Debug|Any CPU.Build.0 = Debug|Any CPU
		{5F5CDBBC-5E69-41F8-9384-C9D63D7B91BA}.Release|Any CPU.ActiveCfg = Release|Any CPU
		{5F5CDBBC-5E69-41F8-9384-C9D63D7B91BA}.Release|Any CPU.Build.0 = Release|Any CPU
		{045508B2-3F20-46FE-8E49-21DA55178213}.Debug|Any CPU.ActiveCfg = Debug|Any CPU
		{045508B2-3F20-46FE-8E49-21DA55178213}.Debug|Any CPU.Build.0 = Debug|Any CPU
		{045508B2-3F20-46FE-8E49-21DA55178213}.Release|Any CPU.ActiveCfg = Release|Any CPU
		{045508B2-3F20-46FE-8E49-21DA55178213}.Release|Any CPU.Build.0 = Release|Any CPU
		{572215D1-49D1-4138-AE06-36D5FA2234D5}.Debug|Any CPU.ActiveCfg = Debug|Any CPU
		{572215D1-49D1-4138-AE06-36D5FA2234D5}.Debug|Any CPU.Build.0 = Debug|Any CPU
		{572215D1-49D1-4138-AE06-36D5FA2234D5}.Release|Any CPU.ActiveCfg = Release|Any CPU
		{572215D1-49D1-4138-AE06-36D5FA2234D5}.Release|Any CPU.Build.0 = Release|Any CPU
		{1405D0CC-D565-4F24-9CC9-387FD1C80280}.Debug|Any CPU.ActiveCfg = Debug|Any CPU
		{1405D0CC-D565-4F24-9CC9-387FD1C80280}.Debug|Any CPU.Build.0 = Debug|Any CPU
		{1405D0CC-D565-4F24-9CC9-387FD1C80280}.Release|Any CPU.ActiveCfg = Release|Any CPU
		{1405D0CC-D565-4F24-9CC9-387FD1C80280}.Release|Any CPU.Build.0 = Release|Any CPU
		{FBEA0B80-4B57-4929-BBFA-831CA6E4CEEB}.Debug|Any CPU.ActiveCfg = Debug|Any CPU
		{FBEA0B80-4B57-4929-BBFA-831CA6E4CEEB}.Debug|Any CPU.Build.0 = Debug|Any CPU
		{FBEA0B80-4B57-4929-BBFA-831CA6E4CEEB}.Release|Any CPU.ActiveCfg = Release|Any CPU
		{FBEA0B80-4B57-4929-BBFA-831CA6E4CEEB}.Release|Any CPU.Build.0 = Release|Any CPU
	EndGlobalSection
	GlobalSection(SolutionProperties) = preSolution
		HideSolutionNode = FALSE
	EndGlobalSection
	GlobalSection(ExtensibilityGlobals) = postSolution
		SolutionGuid = {7A947169-4C69-4429-B474-53AE29588C3E}
	EndGlobalSection
EndGlobal
